
Microsoft Visual Studio Solution File, Format Version 12.00
# Visual Studio Version 17
VisualStudioVersion = 17.13.35931.197 d17.13
MinimumVisualStudioVersion = 10.0.40219.1
Project("{FAE04EC0-301F-11D3-BF4B-00C04F79EFBC}") = "MaximPractice3course", "MaximPractice3course\MaximPractice3course.csproj", "{191D3E86-E4E3-4111-9260-D4EFC03FE783}"
EndProject
Global
	GlobalSection(SolutionConfigurationPlatforms) = preSolution
		Debug|Any CPU = Debug|Any CPU
		Release|Any CPU = Release|Any CPU
	EndGlobalSection
	GlobalSection(ProjectConfigurationPlatforms) = postSolution
		{191D3E86-E4E3-4111-9260-D4EFC03FE783}.Debug|Any CPU.ActiveCfg = Debug|Any CPU
		{191D3E86-E4E3-4111-9260-D4EFC03FE783}.Debug|Any CPU.Build.0 = Debug|Any CPU
		{191D3E86-E4E3-4111-9260-D4EFC03FE783}.Release|Any CPU.ActiveCfg = Release|Any CPU
		{191D3E86-E4E3-4111-9260-D4EFC03FE783}.Release|Any CPU.Build.0 = Release|Any CPU
	EndGlobalSection
	GlobalSection(SolutionProperties) = preSolution
		HideSolutionNode = FALSE
	EndGlobalSection
	GlobalSection(ExtensibilityGlobals) = postSolution
		SolutionGuid = {7E77E0E7-EF7B-43F7-88F7-3107A3CCB422}
	EndGlobalSection
EndGlobal
